// !$*UTF8*$!
{
	archiveVersion = 1;
	classes = {
	};
	objectVersion = 46;
	objects = {

/* Begin PBXBuildFile section */
		341965EA1BC5490500C2791D /* 1.4To1.5.xcmappingmodel in Sources */ = {isa = PBXBuildFile; fileRef = 341965E91BC5490500C2791D /* 1.4To1.5.xcmappingmodel */; };
		341965EE1BC54A0000C2791D /* Student.m in Sources */ = {isa = PBXBuildFile; fileRef = 341965ED1BC54A0000C2791D /* Student.m */; };
		341965F11BC54A0000C2791D /* Teacher.m in Sources */ = {isa = PBXBuildFile; fileRef = 341965F01BC54A0000C2791D /* Teacher.m */; };
		341965F31BC54A2100C2791D /* 1.4To1.6.xcmappingmodel in Sources */ = {isa = PBXBuildFile; fileRef = 341965F21BC54A2100C2791D /* 1.4To1.6.xcmappingmodel */; };
		341FC8C61BA1A13700E13CB2 /* V1.1ToV1.2.xcmappingmodel in Sources */ = {isa = PBXBuildFile; fileRef = 341FC8C51BA1A13700E13CB2 /* V1.1ToV1.2.xcmappingmodel */; };
		341FC8CF1BA1A1C600E13CB2 /* V1.2ToV1.3.xcmappingmodel in Sources */ = {isa = PBXBuildFile; fileRef = 341FC8CE1BA1A1C600E13CB2 /* V1.2ToV1.3.xcmappingmodel */; };
		341FC8D81BA1A2A000E13CB2 /* 1.3To1.4.xcmappingmodel in Sources */ = {isa = PBXBuildFile; fileRef = 341FC8D71BA1A2A000E13CB2 /* 1.3To1.4.xcmappingmodel */; };
		343F60791BA115CA00214FCB /* main.m in Sources */ = {isa = PBXBuildFile; fileRef = 343F60781BA115CA00214FCB /* main.m */; };
		343F607C1BA115CA00214FCB /* AppDelegate.m in Sources */ = {isa = PBXBuildFile; fileRef = 343F607B1BA115CA00214FCB /* AppDelegate.m */; };
		343F607F1BA115CA00214FCB /* LessonCoreData.xcdatamodeld in Sources */ = {isa = PBXBuildFile; fileRef = 343F607D1BA115CA00214FCB /* LessonCoreData.xcdatamodeld */; };
		343F60821BA115CA00214FCB /* ViewController.m in Sources */ = {isa = PBXBuildFile; fileRef = 343F60811BA115CA00214FCB /* ViewController.m */; };
		343F60851BA115CA00214FCB /* Main.storyboard in Resources */ = {isa = PBXBuildFile; fileRef = 343F60831BA115CA00214FCB /* Main.storyboard */; };
		343F60871BA115CA00214FCB /* Images.xcassets in Resources */ = {isa = PBXBuildFile; fileRef = 343F60861BA115CA00214FCB /* Images.xcassets */; };
		343F608A1BA115CA00214FCB /* LaunchScreen.xib in Resources */ = {isa = PBXBuildFile; fileRef = 343F60881BA115CA00214FCB /* LaunchScreen.xib */; };
		343F60961BA115CA00214FCB /* LessonCoreDataTests.m in Sources */ = {isa = PBXBuildFile; fileRef = 343F60951BA115CA00214FCB /* LessonCoreDataTests.m */; };
		343F60A41BA1416900214FCB /* TeacherViewController.m in Sources */ = {isa = PBXBuildFile; fileRef = 343F60A31BA1416900214FCB /* TeacherViewController.m */; };
		343F60A71BA1417800214FCB /* StudentViewController.m in Sources */ = {isa = PBXBuildFile; fileRef = 343F60A61BA1417800214FCB /* StudentViewController.m */; };
		343F60B01BA183E300214FCB /* V1.0 To V1.1.xcmappingmodel in Sources */ = {isa = PBXBuildFile; fileRef = 343F60AF1BA183E300214FCB /* V1.0 To V1.1.xcmappingmodel */; };
/* End PBXBuildFile section */

/* Begin PBXContainerItemProxy section */
		343F60901BA115CA00214FCB /* PBXContainerItemProxy */ = {
			isa = PBXContainerItemProxy;
			containerPortal = 343F606B1BA115CA00214FCB /* Project object */;
			proxyType = 1;
			remoteGlobalIDString = 343F60721BA115CA00214FCB;
			remoteInfo = LessonCoreData;
		};
/* End PBXContainerItemProxy section */

/* Begin PBXFileReference section */
		341965DF1BC5480300C2791D /* LessonCoreData v1. 5.xcdatamodel */ = {isa = PBXFileReference; lastKnownFileType = wrapper.xcdatamodel; path = "LessonCoreData v1. 5.xcdatamodel"; sourceTree = "<group>"; };
		341965E91BC5490500C2791D /* 1.4To1.5.xcmappingmodel */ = {isa = PBXFileReference; lastKnownFileType = wrapper.xcmappingmodel; name = 1.4To1.5.xcmappingmodel; path = ../1.4To1.5.xcmappingmodel; sourceTree = "<group>"; };
		341965EB1BC5498000C2791D /* LessonCoreData v1. 6.xcdatamodel */ = {isa = PBXFileReference; lastKnownFileType = wrapper.xcdatamodel; path = "LessonCoreData v1. 6.xcdatamodel"; sourceTree = "<group>"; };
		341965EC1BC54A0000C2791D /* Student.h */ = {isa = PBXFileReference; fileEncoding = 4; lastKnownFileType = sourcecode.c.h; path = Student.h; sourceTree = "<group>"; };
		341965ED1BC54A0000C2791D /* Student.m */ = {isa = PBXFileReference; fileEncoding = 4; lastKnownFileType = sourcecode.c.objc; path = Student.m; sourceTree = "<group>"; };
		341965EF1BC54A0000C2791D /* Teacher.h */ = {isa = PBXFileReference; fileEncoding = 4; lastKnownFileType = sourcecode.c.h; path = Teacher.h; sourceTree = "<group>"; };
		341965F01BC54A0000C2791D /* Teacher.m */ = {isa = PBXFileReference; fileEncoding = 4; lastKnownFileType = sourcecode.c.objc; path = Teacher.m; sourceTree = "<group>"; };
		341965F21BC54A2100C2791D /* 1.4To1.6.xcmappingmodel */ = {isa = PBXFileReference; lastKnownFileType = wrapper.xcmappingmodel; path = 1.4To1.6.xcmappingmodel; sourceTree = "<group>"; };
		341FC8BE1BA1A0E000E13CB2 /* LessonCoreData v1. 2.xcdatamodel */ = {isa = PBXFileReference; lastKnownFileType = wrapper.xcdatamodel; path = "LessonCoreData v1. 2.xcdatamodel"; sourceTree = "<group>"; };
		341FC8C51BA1A13700E13CB2 /* V1.1ToV1.2.xcmappingmodel */ = {isa = PBXFileReference; lastKnownFileType = wrapper.xcmappingmodel; path = V1.1ToV1.2.xcmappingmodel; sourceTree = "<group>"; };
		341FC8C71BA1A17500E13CB2 /* LessonCoreData v1. 3.xcdatamodel */ = {isa = PBXFileReference; lastKnownFileType = wrapper.xcdatamodel; path = "LessonCoreData v1. 3.xcdatamodel"; sourceTree = "<group>"; };
		341FC8CE1BA1A1C600E13CB2 /* V1.2ToV1.3.xcmappingmodel */ = {isa = PBXFileReference; lastKnownFileType = wrapper.xcmappingmodel; path = V1.2ToV1.3.xcmappingmodel; sourceTree = "<group>"; };
		341FC8D01BA1A23100E13CB2 /* LessonCoreData v1. 4.xcdatamodel */ = {isa = PBXFileReference; lastKnownFileType = wrapper.xcdatamodel; path = "LessonCoreData v1. 4.xcdatamodel"; sourceTree = "<group>"; };
		341FC8D71BA1A2A000E13CB2 /* 1.3To1.4.xcmappingmodel */ = {isa = PBXFileReference; lastKnownFileType = wrapper.xcmappingmodel; path = 1.3To1.4.xcmappingmodel; sourceTree = "<group>"; };
		343F60731BA115CA00214FCB /* LessonCoreData.app */ = {isa = PBXFileReference; explicitFileType = wrapper.application; includeInIndex = 0; path = LessonCoreData.app; sourceTree = BUILT_PRODUCTS_DIR; };
		343F60771BA115CA00214FCB /* Info.plist */ = {isa = PBXFileReference; lastKnownFileType = text.plist.xml; path = Info.plist; sourceTree = "<group>"; };
		343F60781BA115CA00214FCB /* main.m */ = {isa = PBXFileReference; lastKnownFileType = sourcecode.c.objc; path = main.m; sourceTree = "<group>"; };
		343F607A1BA115CA00214FCB /* AppDelegate.h */ = {isa = PBXFileReference; lastKnownFileType = sourcecode.c.h; path = AppDelegate.h; sourceTree = "<group>"; };
		343F607B1BA115CA00214FCB /* AppDelegate.m */ = {isa = PBXFileReference; lastKnownFileType = sourcecode.c.objc; path = AppDelegate.m; sourceTree = "<group>"; };
		343F607E1BA115CA00214FCB /* LessonCoreData.xcdatamodel */ = {isa = PBXFileReference; lastKnownFileType = wrapper.xcdatamodel; path = LessonCoreData.xcdatamodel; sourceTree = "<group>"; };
		343F60801BA115CA00214FCB /* ViewController.h */ = {isa = PBXFileReference; lastKnownFileType = sourcecode.c.h; path = ViewController.h; sourceTree = "<group>"; };
		343F60811BA115CA00214FCB /* ViewController.m */ = {isa = PBXFileReference; lastKnownFileType = sourcecode.c.objc; path = ViewController.m; sourceTree = "<group>"; };
		343F60841BA115CA00214FCB /* Base */ = {isa = PBXFileReference; lastKnownFileType = file.storyboard; name = Base; path = Base.lproj/Main.storyboard; sourceTree = "<group>"; };
		343F60861BA115CA00214FCB /* Images.xcassets */ = {isa = PBXFileReference; lastKnownFileType = folder.assetcatalog; path = Images.xcassets; sourceTree = "<group>"; };
		343F60891BA115CA00214FCB /* Base */ = {isa = PBXFileReference; lastKnownFileType = file.xib; name = Base; path = Base.lproj/LaunchScreen.xib; sourceTree = "<group>"; };
		343F608F1BA115CA00214FCB /* LessonCoreDataTests.xctest */ = {isa = PBXFileReference; explicitFileType = wrapper.cfbundle; includeInIndex = 0; path = LessonCoreDataTests.xctest; sourceTree = BUILT_PRODUCTS_DIR; };
		343F60941BA115CA00214FCB /* Info.plist */ = {isa = PBXFileReference; lastKnownFileType = text.plist.xml; path = Info.plist; sourceTree = "<group>"; };
		343F60951BA115CA00214FCB /* LessonCoreDataTests.m */ = {isa = PBXFileReference; lastKnownFileType = sourcecode.c.objc; path = LessonCoreDataTests.m; sourceTree = "<group>"; };
		343F60A21BA1416900214FCB /* TeacherViewController.h */ = {isa = PBXFileReference; fileEncoding = 4; lastKnownFileType = sourcecode.c.h; path = TeacherViewController.h; sourceTree = "<group>"; };
		343F60A31BA1416900214FCB /* TeacherViewController.m */ = {isa = PBXFileReference; fileEncoding = 4; lastKnownFileType = sourcecode.c.objc; path = TeacherViewController.m; sourceTree = "<group>"; };
		343F60A51BA1417800214FCB /* StudentViewController.h */ = {isa = PBXFileReference; fileEncoding = 4; lastKnownFileType = sourcecode.c.h; path = StudentViewController.h; sourceTree = "<group>"; };
		343F60A61BA1417800214FCB /* StudentViewController.m */ = {isa = PBXFileReference; fileEncoding = 4; lastKnownFileType = sourcecode.c.objc; path = StudentViewController.m; sourceTree = "<group>"; };
		343F60AE1BA1827900214FCB /* LessonCoreData v1.1.xcdatamodel */ = {isa = PBXFileReference; lastKnownFileType = wrapper.xcdatamodel; path = "LessonCoreData v1.1.xcdatamodel"; sourceTree = "<group>"; };
		343F60AF1BA183E300214FCB /* V1.0 To V1.1.xcmappingmodel */ = {isa = PBXFileReference; lastKnownFileType = wrapper.xcmappingmodel; path = "V1.0 To V1.1.xcmappingmodel"; sourceTree = "<group>"; };
/* End PBXFileReference section */

/* Begin PBXFrameworksBuildPhase section */
		343F60701BA115CA00214FCB /* Frameworks */ = {
			isa = PBXFrameworksBuildPhase;
			buildActionMask = 2147483647;
			files = (
			);
			runOnlyForDeploymentPostprocessing = 0;
		};
		343F608C1BA115CA00214FCB /* Frameworks */ = {
			isa = PBXFrameworksBuildPhase;
			buildActionMask = 2147483647;
			files = (
			);
			runOnlyForDeploymentPostprocessing = 0;
		};
/* End PBXFrameworksBuildPhase section */

/* Begin PBXGroup section */
		343F606A1BA115CA00214FCB = {
			isa = PBXGroup;
			children = (
				343F60751BA115CA00214FCB /* LessonCoreData */,
				343F60921BA115CA00214FCB /* LessonCoreDataTests */,
				343F60741BA115CA00214FCB /* Products */,
			);
			sourceTree = "<group>";
		};
		343F60741BA115CA00214FCB /* Products */ = {
			isa = PBXGroup;
			children = (
				343F60731BA115CA00214FCB /* LessonCoreData.app */,
				343F608F1BA115CA00214FCB /* LessonCoreDataTests.xctest */,
			);
			name = Products;
			sourceTree = "<group>";
		};
		343F60751BA115CA00214FCB /* LessonCoreData */ = {
			isa = PBXGroup;
			children = (
				343F607A1BA115CA00214FCB /* AppDelegate.h */,
				343F607B1BA115CA00214FCB /* AppDelegate.m */,
				343F60801BA115CA00214FCB /* ViewController.h */,
				343F60811BA115CA00214FCB /* ViewController.m */,
				343F60A21BA1416900214FCB /* TeacherViewController.h */,
				343F60A31BA1416900214FCB /* TeacherViewController.m */,
				343F60A51BA1417800214FCB /* StudentViewController.h */,
				343F60A61BA1417800214FCB /* StudentViewController.m */,
				343F60831BA115CA00214FCB /* Main.storyboard */,
				343F60861BA115CA00214FCB /* Images.xcassets */,
				343F60881BA115CA00214FCB /* LaunchScreen.xib */,
				343F607D1BA115CA00214FCB /* LessonCoreData.xcdatamodeld */,
				341965EF1BC54A0000C2791D /* Teacher.h */,
				341965F01BC54A0000C2791D /* Teacher.m */,
				341965EC1BC54A0000C2791D /* Student.h */,
				341965ED1BC54A0000C2791D /* Student.m */,
				343F60761BA115CA00214FCB /* Supporting Files */,
				343F60AF1BA183E300214FCB /* V1.0 To V1.1.xcmappingmodel */,
				341FC8C51BA1A13700E13CB2 /* V1.1ToV1.2.xcmappingmodel */,
				341FC8CE1BA1A1C600E13CB2 /* V1.2ToV1.3.xcmappingmodel */,
				341FC8D71BA1A2A000E13CB2 /* 1.3To1.4.xcmappingmodel */,
				341965E91BC5490500C2791D /* 1.4To1.5.xcmappingmodel */,
				341965F21BC54A2100C2791D /* 1.4To1.6.xcmappingmodel */,
			);
			path = LessonCoreData;
			sourceTree = "<group>";
		};
		343F60761BA115CA00214FCB /* Supporting Files */ = {
			isa = PBXGroup;
			children = (
				343F60771BA115CA00214FCB /* Info.plist */,
				343F60781BA115CA00214FCB /* main.m */,
			);
			name = "Supporting Files";
			sourceTree = "<group>";
		};
		343F60921BA115CA00214FCB /* LessonCoreDataTests */ = {
			isa = PBXGroup;
			children = (
				343F60951BA115CA00214FCB /* LessonCoreDataTests.m */,
				343F60931BA115CA00214FCB /* Supporting Files */,
			);
			path = LessonCoreDataTests;
			sourceTree = "<group>";
		};
		343F60931BA115CA00214FCB /* Supporting Files */ = {
			isa = PBXGroup;
			children = (
				343F60941BA115CA00214FCB /* Info.plist */,
			);
			name = "Supporting Files";
			sourceTree = "<group>";
		};
/* End PBXGroup section */

/* Begin PBXNativeTarget section */
		343F60721BA115CA00214FCB /* LessonCoreData */ = {
			isa = PBXNativeTarget;
			buildConfigurationList = 343F60991BA115CA00214FCB /* Build configuration list for PBXNativeTarget "LessonCoreData" */;
			buildPhases = (
				343F606F1BA115CA00214FCB /* Sources */,
				343F60701BA115CA00214FCB /* Frameworks */,
				343F60711BA115CA00214FCB /* Resources */,
			);
			buildRules = (
			);
			dependencies = (
			);
			name = LessonCoreData;
			productName = LessonCoreData;
			productReference = 343F60731BA115CA00214FCB /* LessonCoreData.app */;
			productType = "com.apple.product-type.application";
		};
		343F608E1BA115CA00214FCB /* LessonCoreDataTests */ = {
			isa = PBXNativeTarget;
			buildConfigurationList = 343F609C1BA115CA00214FCB /* Build configuration list for PBXNativeTarget "LessonCoreDataTests" */;
			buildPhases = (
				343F608B1BA115CA00214FCB /* Sources */,
				343F608C1BA115CA00214FCB /* Frameworks */,
				343F608D1BA115CA00214FCB /* Resources */,
			);
			buildRules = (
			);
			dependencies = (
				343F60911BA115CA00214FCB /* PBXTargetDependency */,
			);
			name = LessonCoreDataTests;
			productName = LessonCoreDataTests;
			productReference = 343F608F1BA115CA00214FCB /* LessonCoreDataTests.xctest */;
			productType = "com.apple.product-type.bundle.unit-test";
		};
/* End PBXNativeTarget section */

/* Begin PBXProject section */
		343F606B1BA115CA00214FCB /* Project object */ = {
			isa = PBXProject;
			attributes = {
				LastUpgradeCheck = 0610;
				ORGANIZATIONNAME = "王战胜";
				TargetAttributes = {
					343F60721BA115CA00214FCB = {
						CreatedOnToolsVersion = 6.1;
					};
					343F608E1BA115CA00214FCB = {
						CreatedOnToolsVersion = 6.1;
						TestTargetID = 343F60721BA115CA00214FCB;
					};
				};
			};
			buildConfigurationList = 343F606E1BA115CA00214FCB /* Build configuration list for PBXProject "LessonCoreData" */;
			compatibilityVersion = "Xcode 3.2";
			developmentRegion = English;
			hasScannedForEncodings = 0;
			knownRegions = (
				en,
				Base,
			);
			mainGroup = 343F606A1BA115CA00214FCB;
			productRefGroup = 343F60741BA115CA00214FCB /* Products */;
			projectDirPath = "";
			projectRoot = "";
			targets = (
				343F60721BA115CA00214FCB /* LessonCoreData */,
				343F608E1BA115CA00214FCB /* LessonCoreDataTests */,
			);
		};
/* End PBXProject section */

/* Begin PBXResourcesBuildPhase section */
		343F60711BA115CA00214FCB /* Resources */ = {
			isa = PBXResourcesBuildPhase;
			buildActionMask = 2147483647;
			files = (
				343F60851BA115CA00214FCB /* Main.storyboard in Resources */,
				343F608A1BA115CA00214FCB /* LaunchScreen.xib in Resources */,
				343F60871BA115CA00214FCB /* Images.xcassets in Resources */,
			);
			runOnlyForDeploymentPostprocessing = 0;
		};
		343F608D1BA115CA00214FCB /* Resources */ = {
			isa = PBXResourcesBuildPhase;
			buildActionMask = 2147483647;
			files = (
			);
			runOnlyForDeploymentPostprocessing = 0;
		};
/* End PBXResourcesBuildPhase section */

/* Begin PBXSourcesBuildPhase section */
		343F606F1BA115CA00214FCB /* Sources */ = {
			isa = PBXSourcesBuildPhase;
			buildActionMask = 2147483647;
			files = (
				343F607C1BA115CA00214FCB /* AppDelegate.m in Sources */,
				343F607F1BA115CA00214FCB /* LessonCoreData.xcdatamodeld in Sources */,
				341FC8C61BA1A13700E13CB2 /* V1.1ToV1.2.xcmappingmodel in Sources */,
				343F60821BA115CA00214FCB /* ViewController.m in Sources */,
				343F60B01BA183E300214FCB /* V1.0 To V1.1.xcmappingmodel in Sources */,
				343F60791BA115CA00214FCB /* main.m in Sources */,
				341FC8CF1BA1A1C600E13CB2 /* V1.2ToV1.3.xcmappingmodel in Sources */,
				341FC8D81BA1A2A000E13CB2 /* 1.3To1.4.xcmappingmodel in Sources */,
				341965F11BC54A0000C2791D /* Teacher.m in Sources */,
				341965EA1BC5490500C2791D /* 1.4To1.5.xcmappingmodel in Sources */,
				341965F31BC54A2100C2791D /* 1.4To1.6.xcmappingmodel in Sources */,
				343F60A71BA1417800214FCB /* StudentViewController.m in Sources */,
				343F60A41BA1416900214FCB /* TeacherViewController.m in Sources */,
				341965EE1BC54A0000C2791D /* Student.m in Sources */,
			);
			runOnlyForDeploymentPostprocessing = 0;
		};
		343F608B1BA115CA00214FCB /* Sources */ = {
			isa = PBXSourcesBuildPhase;
			buildActionMask = 2147483647;
			files = (
				343F60961BA115CA00214FCB /* LessonCoreDataTests.m in Sources */,
			);
			runOnlyForDeploymentPostprocessing = 0;
		};
/* End PBXSourcesBuildPhase section */

/* Begin PBXTargetDependency section */
		343F60911BA115CA00214FCB /* PBXTargetDependency */ = {
			isa = PBXTargetDependency;
			target = 343F60721BA115CA00214FCB /* LessonCoreData */;
			targetProxy = 343F60901BA115CA00214FCB /* PBXContainerItemProxy */;
		};
/* End PBXTargetDependency section */

/* Begin PBXVariantGroup section */
		343F60831BA115CA00214FCB /* Main.storyboard */ = {
			isa = PBXVariantGroup;
			children = (
				343F60841BA115CA00214FCB /* Base */,
			);
			name = Main.storyboard;
			sourceTree = "<group>";
		};
		343F60881BA115CA00214FCB /* LaunchScreen.xib */ = {
			isa = PBXVariantGroup;
			children = (
				343F60891BA115CA00214FCB /* Base */,
			);
			name = LaunchScreen.xib;
			sourceTree = "<group>";
		};
/* End PBXVariantGroup section */

/* Begin XCBuildConfiguration section */
		343F60971BA115CA00214FCB /* Debug */ = {
			isa = XCBuildConfiguration;
			buildSettings = {
				ALWAYS_SEARCH_USER_PATHS = NO;
				CLANG_CXX_LANGUAGE_STANDARD = "gnu++0x";
				CLANG_CXX_LIBRARY = "libc++";
				CLANG_ENABLE_MODULES = YES;
				CLANG_ENABLE_OBJC_ARC = YES;
				CLANG_WARN_BOOL_CONVERSION = YES;
				CLANG_WARN_CONSTANT_CONVERSION = YES;
				CLANG_WARN_DIRECT_OBJC_ISA_USAGE = YES_ERROR;
				CLANG_WARN_EMPTY_BODY = YES;
				CLANG_WARN_ENUM_CONVERSION = YES;
				CLANG_WARN_INT_CONVERSION = YES;
				CLANG_WARN_OBJC_ROOT_CLASS = YES_ERROR;
				CLANG_WARN_UNREACHABLE_CODE = YES;
				CLANG_WARN__DUPLICATE_METHOD_MATCH = YES;
				"CODE_SIGN_IDENTITY[sdk=iphoneos*]" = "iPhone Developer";
				COPY_PHASE_STRIP = NO;
				ENABLE_STRICT_OBJC_MSGSEND = YES;
				GCC_C_LANGUAGE_STANDARD = gnu99;
				GCC_DYNAMIC_NO_PIC = NO;
				GCC_OPTIMIZATION_LEVEL = 0;
				GCC_PREPROCESSOR_DEFINITIONS = (
					"DEBUG=1",
					"$(inherited)",
				);
				GCC_SYMBOLS_PRIVATE_EXTERN = NO;
				GCC_WARN_64_TO_32_BIT_CONVERSION = YES;
				GCC_WARN_ABOUT_RETURN_TYPE = YES_ERROR;
				GCC_WARN_UNDECLARED_SELECTOR = YES;
				GCC_WARN_UNINITIALIZED_AUTOS = YES_AGGRESSIVE;
				GCC_WARN_UNUSED_FUNCTION = YES;
				GCC_WARN_UNUSED_VARIABLE = YES;
				IPHONEOS_DEPLOYMENT_TARGET = 8.1;
				MTL_ENABLE_DEBUG_INFO = YES;
				ONLY_ACTIVE_ARCH = YES;
				SDKROOT = iphoneos;
				TARGETED_DEVICE_FAMILY = "1,2";
			};
			name = Debug;
		};
		343F60981BA115CA00214FCB /* Release */ = {
			isa = XCBuildConfiguration;
			buildSettings = {
				ALWAYS_SEARCH_USER_PATHS = NO;
				CLANG_CXX_LANGUAGE_STANDARD = "gnu++0x";
				CLANG_CXX_LIBRARY = "libc++";
				CLANG_ENABLE_MODULES = YES;
				CLANG_ENABLE_OBJC_ARC = YES;
				CLANG_WARN_BOOL_CONVERSION = YES;
				CLANG_WARN_CONSTANT_CONVERSION = YES;
				CLANG_WARN_DIRECT_OBJC_ISA_USAGE = YES_ERROR;
				CLANG_WARN_EMPTY_BODY = YES;
				CLANG_WARN_ENUM_CONVERSION = YES;
				CLANG_WARN_INT_CONVERSION = YES;
				CLANG_WARN_OBJC_ROOT_CLASS = YES_ERROR;
				CLANG_WARN_UNREACHABLE_CODE = YES;
				CLANG_WARN__DUPLICATE_METHOD_MATCH = YES;
				"CODE_SIGN_IDENTITY[sdk=iphoneos*]" = "iPhone Developer";
				COPY_PHASE_STRIP = YES;
				ENABLE_NS_ASSERTIONS = NO;
				ENABLE_STRICT_OBJC_MSGSEND = YES;
				GCC_C_LANGUAGE_STANDARD = gnu99;
				GCC_WARN_64_TO_32_BIT_CONVERSION = YES;
				GCC_WARN_ABOUT_RETURN_TYPE = YES_ERROR;
				GCC_WARN_UNDECLARED_SELECTOR = YES;
				GCC_WARN_UNINITIALIZED_AUTOS = YES_AGGRESSIVE;
				GCC_WARN_UNUSED_FUNCTION = YES;
				GCC_WARN_UNUSED_VARIABLE = YES;
				IPHONEOS_DEPLOYMENT_TARGET = 8.1;
				MTL_ENABLE_DEBUG_INFO = NO;
				SDKROOT = iphoneos;
				TARGETED_DEVICE_FAMILY = "1,2";
				VALIDATE_PRODUCT = YES;
			};
			name = Release;
		};
		343F609A1BA115CA00214FCB /* Debug */ = {
			isa = XCBuildConfiguration;
			buildSettings = {
				ASSETCATALOG_COMPILER_APPICON_NAME = AppIcon;
				INFOPLIST_FILE = LessonCoreData/Info.plist;
				LD_RUNPATH_SEARCH_PATHS = "$(inherited) @executable_path/Frameworks";
				PRODUCT_NAME = "$(TARGET_NAME)";
			};
			name = Debug;
		};
		343F609B1BA115CA00214FCB /* Release */ = {
			isa = XCBuildConfiguration;
			buildSettings = {
				ASSETCATALOG_COMPILER_APPICON_NAME = AppIcon;
				INFOPLIST_FILE = LessonCoreData/Info.plist;
				LD_RUNPATH_SEARCH_PATHS = "$(inherited) @executable_path/Frameworks";
				PRODUCT_NAME = "$(TARGET_NAME)";
			};
			name = Release;
		};
		343F609D1BA115CA00214FCB /* Debug */ = {
			isa = XCBuildConfiguration;
			buildSettings = {
				BUNDLE_LOADER = "$(TEST_HOST)";
				FRAMEWORK_SEARCH_PATHS = (
					"$(SDKROOT)/Developer/Library/Frameworks",
					"$(inherited)",
				);
				GCC_PREPROCESSOR_DEFINITIONS = (
					"DEBUG=1",
					"$(inherited)",
				);
				INFOPLIST_FILE = LessonCoreDataTests/Info.plist;
				LD_RUNPATH_SEARCH_PATHS = "$(inherited) @executable_path/Frameworks @loader_path/Frameworks";
				PRODUCT_NAME = "$(TARGET_NAME)";
				TEST_HOST = "$(BUILT_PRODUCTS_DIR)/LessonCoreData.app/LessonCoreData";
			};
			name = Debug;
		};
		343F609E1BA115CA00214FCB /* Release */ = {
			isa = XCBuildConfiguration;
			buildSettings = {
				BUNDLE_LOADER = "$(TEST_HOST)";
				FRAMEWORK_SEARCH_PATHS = (
					"$(SDKROOT)/Developer/Library/Frameworks",
					"$(inherited)",
				);
				INFOPLIST_FILE = LessonCoreDataTests/Info.plist;
				LD_RUNPATH_SEARCH_PATHS = "$(inherited) @executable_path/Frameworks @loader_path/Frameworks";
				PRODUCT_NAME = "$(TARGET_NAME)";
				TEST_HOST = "$(BUILT_PRODUCTS_DIR)/LessonCoreData.app/LessonCoreData";
			};
			name = Release;
		};
/* End XCBuildConfiguration section */

/* Begin XCConfigurationList section */
		343F606E1BA115CA00214FCB /* Build configuration list for PBXProject "LessonCoreData" */ = {
			isa = XCConfigurationList;
			buildConfigurations = (
				343F60971BA115CA00214FCB /* Debug */,
				343F60981BA115CA00214FCB /* Release */,
			);
			defaultConfigurationIsVisible = 0;
			defaultConfigurationName = Release;
		};
		343F60991BA115CA00214FCB /* Build configuration list for PBXNativeTarget "LessonCoreData" */ = {
			isa = XCConfigurationList;
			buildConfigurations = (
				343F609A1BA115CA00214FCB /* Debug */,
				343F609B1BA115CA00214FCB /* Release */,
			);
			defaultConfigurationIsVisible = 0;
			defaultConfigurationName = Release;
		};
		343F609C1BA115CA00214FCB /* Build configuration list for PBXNativeTarget "LessonCoreDataTests" */ = {
			isa = XCConfigurationList;
			buildConfigurations = (
				343F609D1BA115CA00214FCB /* Debug */,
				343F609E1BA115CA00214FCB /* Release */,
			);
			defaultConfigurationIsVisible = 0;
			defaultConfigurationName = Release;
		};
/* End XCConfigurationList section */

/* Begin XCVersionGroup section */
		343F607D1BA115CA00214FCB /* LessonCoreData.xcdatamodeld */ = {
			isa = XCVersionGroup;
			children = (
				341FC8D01BA1A23100E13CB2 /* LessonCoreData v1. 4.xcdatamodel */,
				341965EB1BC5498000C2791D /* LessonCoreData v1. 6.xcdatamodel */,
				341965DF1BC5480300C2791D /* LessonCoreData v1. 5.xcdatamodel */,
				341FC8C71BA1A17500E13CB2 /* LessonCoreData v1. 3.xcdatamodel */,
				341FC8BE1BA1A0E000E13CB2 /* LessonCoreData v1. 2.xcdatamodel */,
				343F60AE1BA1827900214FCB /* LessonCoreData v1.1.xcdatamodel */,
				343F607E1BA115CA00214FCB /* LessonCoreData.xcdatamodel */,
			);
			currentVersion = 341965EB1BC5498000C2791D /* LessonCoreData v1. 6.xcdatamodel */;
			path = LessonCoreData.xcdatamodeld;
			sourceTree = "<group>";
			versionGroupType = wrapper.xcdatamodel;
		};
/* End XCVersionGroup section */
	};
	rootObject = 343F606B1BA115CA00214FCB /* Project object */;
}
